<?xml version="1.0" encoding="utf-8"?>
<Project ToolsVersion="4.0" xmlns="http://schemas.microsoft.com/developer/msbuild/2003">
  <ItemGroup>
    <Filter Include="Source Files">
      <UniqueIdentifier>{4FC737F1-C7A5-4376-A066-2A32D752A2FF}</UniqueIdentifier>
      <Extensions>cpp;c;cc;cxx;def;odl;idl;hpj;bat;asm;asmx</Extensions>
    </Filter>
    <Filter Include="Header Files">
      <UniqueIdentifier>{93995380-89BD-4b04-88EB-625FBE52EBFB}</UniqueIdentifier>
      <Extensions>h;hpp;hxx;hm;inl;inc;xsd</Extensions>
    </Filter>
    <Filter Include="Resource Files">
      <UniqueIdentifier>{67DA6AB6-F800-4c08-8B7A-83BB121AAD01}</UniqueIdentifier>
      <Extensions>rc;ico;cur;bmp;dlg;rc2;rct;bin;rgs;gif;jpg;jpeg;jpe;resx;tiff;tif;png;wav</Extensions>
    </Filter>
    <Filter Include="Interface">
      <UniqueIdentifier>{3e37a34e-a9c1-47b2-8b6d-038550eab27c}</UniqueIdentifier>
    </Filter>
  </ItemGroup>
  <ItemGroup>
    <ClCompile Include="md5.c">
      <Filter>Source Files</Filter>
    </ClCompile>
    <ClCompile Include="RA_Achievement.cpp">
      <Filter>Source Files</Filter>
    </ClCompile>
    <ClCompile Include="RA_AchievementOverlay.cpp">
      <Filter>Source Files</Filter>
    </ClCompile>
    <ClCompile Include="RA_AchievementPopup.cpp">
      <Filter>Source Files</Filter>
    </ClCompile>
    <ClCompile Include="RA_CodeNotes.cpp">
      <Filter>Source Files</Filter>
    </ClCompile>
    <ClCompile Include="RA_Condition.cpp">
      <Filter>Source Files</Filter>
    </ClCompile>
    <ClCompile Include="RA_Core.cpp">
      <Filter>Source Files</Filter>
    </ClCompile>
    <ClCompile Include="RA_Defs.cpp">
      <Filter>Source Files</Filter>
    </ClCompile>
    <ClCompile Include="RA_Dlg_AchEditor.cpp">
      <Filter>Source Files</Filter>
    </ClCompile>
    <ClCompile Include="RA_Dlg_Achievement.cpp">
      <Filter>Source Files</Filter>
    </ClCompile>
    <ClCompile Include="RA_Dlg_AchievementsReporter.cpp">
      <Filter>Source Files</Filter>
    </ClCompile>
    <ClCompile Include="RA_Dlg_GameLibrary.cpp">
      <Filter>Source Files</Filter>
    </ClCompile>
    <ClCompile Include="RA_Dlg_GameTitle.cpp">
      <Filter>Source Files</Filter>
    </ClCompile>
    <ClCompile Include="RA_Dlg_Login.cpp">
      <Filter>Source Files</Filter>
    </ClCompile>
    <ClCompile Include="RA_Dlg_Memory.cpp">
      <Filter>Source Files</Filter>
    </ClCompile>
    <ClCompile Include="RA_httpthread.cpp">
      <Filter>Source Files</Filter>
    </ClCompile>
    <ClCompile Include="RA_ImageFactory.cpp">
      <Filter>Source Files</Filter>
    </ClCompile>
    <ClCompile Include="RA_Leaderboard.cpp">
      <Filter>Source Files</Filter>
    </ClCompile>
    <ClCompile Include="RA_LeaderboardPopup.cpp">
      <Filter>Source Files</Filter>
    </ClCompile>
    <ClCompile Include="RA_md5factory.cpp">
      <Filter>Source Files</Filter>
    </ClCompile>
    <ClCompile Include="RA_MemManager.cpp">
      <Filter>Source Files</Filter>
    </ClCompile>
    <ClCompile Include="RA_PopupWindows.cpp">
      <Filter>Source Files</Filter>
    </ClCompile>
    <ClCompile Include="RA_ProgressPopup.cpp">
      <Filter>Source Files</Filter>
    </ClCompile>
    <ClCompile Include="RA_RichPresence.cpp">
      <Filter>Source Files</Filter>
    </ClCompile>
    <ClCompile Include="RA_User.cpp">
      <Filter>Source Files</Filter>
    </ClCompile>
    <ClCompile Include="RA_Interface.cpp">
      <Filter>Interface</Filter>
    </ClCompile>
  </ItemGroup>
  <ItemGroup>
    <ClInclude Include="md5.h">
      <Filter>Header Files</Filter>
    </ClInclude>
    <ClInclude Include="RA_Achievement.h">
      <Filter>Header Files</Filter>
    </ClInclude>
    <ClInclude Include="RA_AchievementOverlay.h">
      <Filter>Header Files</Filter>
    </ClInclude>
    <ClInclude Include="RA_AchievementPopup.h">
      <Filter>Header Files</Filter>
    </ClInclude>
    <ClInclude Include="RA_CodeNotes.h">
      <Filter>Header Files</Filter>
    </ClInclude>
    <ClInclude Include="RA_Condition.h">
      <Filter>Header Files</Filter>
    </ClInclude>
    <ClInclude Include="RA_Core.h">
      <Filter>Header Files</Filter>
    </ClInclude>
    <ClInclude Include="RA_Defs.h">
      <Filter>Header Files</Filter>
    </ClInclude>
    <ClInclude Include="RA_Dlg_AchEditor.h">
      <Filter>Header Files</Filter>
    </ClInclude>
    <ClInclude Include="RA_Dlg_Achievement.h">
      <Filter>Header Files</Filter>
    </ClInclude>
    <ClInclude Include="RA_Dlg_AchievementsReporter.h">
      <Filter>Header Files</Filter>
    </ClInclude>
    <ClInclude Include="RA_Dlg_GameLibrary.h">
      <Filter>Header Files</Filter>
    </ClInclude>
    <ClInclude Include="RA_Dlg_GameTitle.h">
      <Filter>Header Files</Filter>
    </ClInclude>
    <ClInclude Include="RA_Dlg_Login.h">
      <Filter>Header Files</Filter>
    </ClInclude>
    <ClInclude Include="RA_Dlg_Memory.h">
      <Filter>Header Files</Filter>
    </ClInclude>
    <ClInclude Include="RA_httpthread.h">
      <Filter>Header Files</Filter>
    </ClInclude>
    <ClInclude Include="RA_ImageFactory.h">
      <Filter>Header Files</Filter>
    </ClInclude>
    <ClInclude Include="RA_Leaderboard.h">
      <Filter>Header Files</Filter>
    </ClInclude>
    <ClInclude Include="RA_LeaderboardPopup.h">
      <Filter>Header Files</Filter>
    </ClInclude>
    <ClInclude Include="RA_md5factory.h">
      <Filter>Header Files</Filter>
    </ClInclude>
    <ClInclude Include="RA_MemManager.h">
      <Filter>Header Files</Filter>
    </ClInclude>
    <ClInclude Include="RA_PopupWindows.h">
      <Filter>Header Files</Filter>
    </ClInclude>
    <ClInclude Include="RA_ProgressPopup.h">
      <Filter>Header Files</Filter>
    </ClInclude>
    <ClInclude Include="RA_RichPresence.h">
      <Filter>Header Files</Filter>
    </ClInclude>
    <ClInclude Include="RA_User.h">
      <Filter>Header Files</Filter>
    </ClInclude>
    <ClInclude Include="RA_Resource.h">
      <Filter>Resource Files</Filter>
    </ClInclude>
    <ClInclude Include="RA_Interface.h">
      <Filter>Interface</Filter>
    </ClInclude>
  </ItemGroup>
  <ItemGroup>
    <ResourceCompile Include="RA_Shared.rc">
      <Filter>Resource Files</Filter>
    </ResourceCompile>
  </ItemGroup>
</Project>