<?xml version="1.0" encoding="utf-8"?>
<Project ToolsVersion="4.0" xmlns="http://schemas.microsoft.com/developer/msbuild/2003">
  <ItemGroup>
    <ClCompile Include="md5.c">
      <Filter>Source</Filter>
    </ClCompile>
    <ClCompile Include="RA_Achievement.cpp">
      <Filter>Source</Filter>
    </ClCompile>
    <ClCompile Include="RA_AchievementOverlay.cpp">
      <Filter>Source</Filter>
    </ClCompile>
    <ClCompile Include="RA_AchievementPopup.cpp">
      <Filter>Source</Filter>
    </ClCompile>
    <ClCompile Include="RA_CodeNotes.cpp">
      <Filter>Source</Filter>
    </ClCompile>
    <ClCompile Include="RA_Condition.cpp">
      <Filter>Source</Filter>
    </ClCompile>
    <ClCompile Include="RA_Core.cpp">
      <Filter>Source</Filter>
    </ClCompile>
    <ClCompile Include="RA_Defs.cpp">
      <Filter>Source</Filter>
    </ClCompile>
    <ClCompile Include="RA_Dlg_AchEditor.cpp">
      <Filter>Source</Filter>
    </ClCompile>
    <ClCompile Include="RA_Dlg_Achievement.cpp">
      <Filter>Source</Filter>
    </ClCompile>
    <ClCompile Include="RA_Dlg_AchievementsReporter.cpp">
      <Filter>Source</Filter>
    </ClCompile>
    <ClCompile Include="RA_Dlg_GameLibrary.cpp">
      <Filter>Source</Filter>
    </ClCompile>
    <ClCompile Include="RA_Dlg_GameTitle.cpp">
      <Filter>Source</Filter>
    </ClCompile>
    <ClCompile Include="RA_Dlg_Login.cpp">
      <Filter>Source</Filter>
    </ClCompile>
    <ClCompile Include="RA_Dlg_Memory.cpp">
      <Filter>Source</Filter>
    </ClCompile>
    <ClCompile Include="RA_httpthread.cpp">
      <Filter>Source</Filter>
    </ClCompile>
    <ClCompile Include="RA_ImageFactory.cpp">
      <Filter>Source</Filter>
    </ClCompile>
    <ClCompile Include="RA_Interface.cpp">
      <Filter>Source</Filter>
    </ClCompile>
    <ClCompile Include="RA_Leaderboard.cpp">
      <Filter>Source</Filter>
    </ClCompile>
    <ClCompile Include="RA_LeaderboardPopup.cpp">
      <Filter>Source</Filter>
    </ClCompile>
    <ClCompile Include="RA_md5factory.cpp">
      <Filter>Source</Filter>
    </ClCompile>
    <ClCompile Include="RA_MemManager.cpp">
      <Filter>Source</Filter>
    </ClCompile>
    <ClCompile Include="RA_PopupWindows.cpp">
      <Filter>Source</Filter>
    </ClCompile>
    <ClCompile Include="RA_ProgressPopup.cpp">
      <Filter>Source</Filter>
    </ClCompile>
    <ClCompile Include="RA_RichPresence.cpp">
      <Filter>Source</Filter>
    </ClCompile>
    <ClCompile Include="RA_User.cpp">
      <Filter>Source</Filter>
    </ClCompile>
  </ItemGroup>
  <ItemGroup>
    <ClInclude Include="md5.h">
      <Filter>Headers</Filter>
    </ClInclude>
    <ClInclude Include="RA_Achievement.h">
      <Filter>Headers</Filter>
    </ClInclude>
    <ClInclude Include="RA_AchievementOverlay.h">
      <Filter>Headers</Filter>
    </ClInclude>
    <ClInclude Include="RA_AchievementPopup.h">
      <Filter>Headers</Filter>
    </ClInclude>
    <ClInclude Include="RA_CodeNotes.h">
      <Filter>Headers</Filter>
    </ClInclude>
    <ClInclude Include="RA_Condition.h">
      <Filter>Headers</Filter>
    </ClInclude>
    <ClInclude Include="RA_Core.h">
      <Filter>Headers</Filter>
    </ClInclude>
    <ClInclude Include="RA_Defs.h">
      <Filter>Headers</Filter>
    </ClInclude>
    <ClInclude Include="RA_Dlg_AchEditor.h">
      <Filter>Headers</Filter>
    </ClInclude>
    <ClInclude Include="RA_Dlg_Achievement.h">
      <Filter>Headers</Filter>
    </ClInclude>
    <ClInclude Include="RA_Dlg_AchievementsReporter.h">
      <Filter>Headers</Filter>
    </ClInclude>
    <ClInclude Include="RA_Dlg_GameLibrary.h">
      <Filter>Headers</Filter>
    </ClInclude>
    <ClInclude Include="RA_Dlg_GameTitle.h">
      <Filter>Headers</Filter>
    </ClInclude>
    <ClInclude Include="RA_Dlg_Login.h">
      <Filter>Headers</Filter>
    </ClInclude>
    <ClInclude Include="RA_Dlg_Memory.h">
      <Filter>Headers</Filter>
    </ClInclude>
    <ClInclude Include="RA_httpthread.h">
      <Filter>Headers</Filter>
    </ClInclude>
    <ClInclude Include="RA_ImageFactory.h">
      <Filter>Headers</Filter>
    </ClInclude>
    <ClInclude Include="RA_Interface.h">
      <Filter>Headers</Filter>
    </ClInclude>
    <ClInclude Include="RA_Leaderboard.h">
      <Filter>Headers</Filter>
    </ClInclude>
    <ClInclude Include="RA_LeaderboardPopup.h">
      <Filter>Headers</Filter>
    </ClInclude>
    <ClInclude Include="RA_md5factory.h">
      <Filter>Headers</Filter>
    </ClInclude>
    <ClInclude Include="RA_MemManager.h">
      <Filter>Headers</Filter>
    </ClInclude>
    <ClInclude Include="RA_PopupWindows.h">
      <Filter>Headers</Filter>
    </ClInclude>
    <ClInclude Include="RA_Resource.h">
      <Filter>Headers</Filter>
    </ClInclude>
    <ClInclude Include="RA_ProgressPopup.h">
      <Filter>Headers</Filter>
    </ClInclude>
    <ClInclude Include="RA_RichPresence.h">
      <Filter>Headers</Filter>
    </ClInclude>
    <ClInclude Include="RA_User.h">
      <Filter>Headers</Filter>
    </ClInclude>
  </ItemGroup>
  <ItemGroup>
    <Filter Include="Headers">
      <UniqueIdentifier>{a1444c7b-787b-417c-9178-f26de58d42ae}</UniqueIdentifier>
    </Filter>
    <Filter Include="Source">
      <UniqueIdentifier>{752fba7d-f2db-49c2-be86-4e6092b64dfa}</UniqueIdentifier>
    </Filter>
    <Filter Include="Resources">
      <UniqueIdentifier>{e8b3e304-7e35-4e4d-814e-28b5e9ff94f5}</UniqueIdentifier>
    </Filter>
  </ItemGroup>
  <ItemGroup>
    <ResourceCompile Include="RA_Shared.rc">
      <Filter>Resources</Filter>
    </ResourceCompile>
  </ItemGroup>
</Project>