<?xml version="1.0" encoding="utf-8"?>
<Project ToolsVersion="4.0" xmlns="http://schemas.microsoft.com/developer/msbuild/2003">
  <ItemGroup>
    <Filter Include="Tests">
      <UniqueIdentifier>{da7095d2-a217-48b5-9d38-7b0e58de5210}</UniqueIdentifier>
    </Filter>
    <Filter Include="Code">
      <UniqueIdentifier>{c09a9464-e27a-4721-8467-626c7f5e3ab0}</UniqueIdentifier>
    </Filter>
    <Filter Include="Tests\UI">
      <UniqueIdentifier>{4f043333-855f-48b9-b8c2-08e3c5f0d576}</UniqueIdentifier>
    </Filter>
    <Filter Include="Tests\UI\ViewModels">
      <UniqueIdentifier>{69299c0b-a9cd-4d78-b71a-dd83efc582d4}</UniqueIdentifier>
    </Filter>
    <Filter Include="Tests\Services">
      <UniqueIdentifier>{d2101e8f-5483-4eec-89f5-8f8fc586b0b9}</UniqueIdentifier>
    </Filter>
    <Filter Include="Tests\API">
      <UniqueIdentifier>{1e60322d-0fb7-4ef7-ab07-0aafd85db9d2}</UniqueIdentifier>
    </Filter>
    <Filter Include="Tests\Data">
      <UniqueIdentifier>{17ed66bb-227e-47fb-a220-1813059ee45f}</UniqueIdentifier>
    </Filter>
    <Filter Include="Tests\Interface">
      <UniqueIdentifier>{bc1c21f7-8d58-4502-a50d-1ca638253868}</UniqueIdentifier>
    </Filter>
    <Filter Include="Mocks">
      <UniqueIdentifier>{59d95c41-4fb8-4dd8-815a-edcb53e962b6}</UniqueIdentifier>
    </Filter>
    <Filter Include="Tests\Data\Context">
      <UniqueIdentifier>{da241f86-5f80-4b36-b3d8-f8a0ecc1a4ee}</UniqueIdentifier>
    </Filter>
    <Filter Include="Tests\Data\Models">
      <UniqueIdentifier>{a0f14c97-e5dd-4827-9864-ca54f0c9177e}</UniqueIdentifier>
    </Filter>
  </ItemGroup>
  <ItemGroup>
    <ClCompile Include="..\src\RA_Defs.cpp">
      <Filter>Code</Filter>
    </ClCompile>
    <ClInclude Include="..\src\RA_Defs.h">
      <Filter>Code</Filter>
    </ClInclude>
    <ClCompile Include="..\src\services\SearchResults.cpp">
      <Filter>Code</Filter>
    </ClCompile>
    <ClCompile Include="..\src\RA_md5factory.cpp">
      <Filter>Code</Filter>
    </ClCompile>
    <ClCompile Include="..\src\ui\ViewModelBase.cpp">
      <Filter>Code</Filter>
    </ClCompile>
    <ClCompile Include="..\src\ui\WindowViewModelBase.cpp">
      <Filter>Code</Filter>
    </ClCompile>
    <ClCompile Include="..\src\ui\viewmodels\MessageBoxViewModel.cpp">
      <Filter>Code</Filter>
    </ClCompile>
    <ClCompile Include="..\src\RA_StringUtils.cpp">
      <Filter>Code</Filter>
    </ClCompile>
    <ClCompile Include="services\SearchResults_Tests.cpp">
      <Filter>Tests\Services</Filter>
    </ClCompile>
    <ClCompile Include="services\StringTextReader_Tests.cpp">
      <Filter>Tests\Services</Filter>
    </ClCompile>
    <ClCompile Include="services\StringTextWriter_Tests.cpp">
      <Filter>Tests\Services</Filter>
    </ClCompile>
    <ClCompile Include="services\JsonFileConfiguration_Tests.cpp">
      <Filter>Tests\Services</Filter>
    </ClCompile>
    <ClCompile Include="..\src\services\impl\JsonFileConfiguration.cpp">
      <Filter>Code</Filter>
    </ClCompile>
    <ClCompile Include="..\src\RA_Json.cpp">
      <Filter>Code</Filter>
    </ClCompile>
    <ClCompile Include="services\FileLogger_Tests.cpp">
      <Filter>Tests\Services</Filter>
    </ClCompile>
    <ClCompile Include="services\FileLocalStorage_Tests.cpp">
      <Filter>Tests\Services</Filter>
    </ClCompile>
    <ClCompile Include="..\src\services\impl\FileLocalStorage.cpp">
      <Filter>Code</Filter>
    </ClCompile>
    <ClCompile Include="ui\ViewModelBase_Tests.cpp">
      <Filter>Tests\UI</Filter>
    </ClCompile>
    <ClCompile Include="ui\WindowViewModelBase_Tests.cpp">
      <Filter>Tests\UI</Filter>
    </ClCompile>
    <ClCompile Include="ui\viewmodels\MessageBoxViewModel_Tests.cpp">
      <Filter>Tests\UI\ViewModels</Filter>
    </ClCompile>
    <ClCompile Include="ui\viewmodels\GameChecksumViewModel_Tests.cpp">
      <Filter>Tests\UI\ViewModels</Filter>
    </ClCompile>
    <ClCompile Include="..\src\ui\viewmodels\GameChecksumViewModel.cpp">
      <Filter>Code</Filter>
    </ClCompile>
    <ClCompile Include="..\src\pch.cpp">
      <Filter>Code</Filter>
    </ClCompile>
    <ClCompile Include="..\src\Exports.cpp">
      <Filter>Code</Filter>
    </ClCompile>
    <ClCompile Include="ui\viewmodels\RichPresenceMonitorViewModel_Tests.cpp">
      <Filter>Tests\UI\ViewModels</Filter>
    </ClCompile>
    <ClCompile Include="..\src\ui\viewmodels\RichPresenceMonitorViewModel.cpp">
      <Filter>Code</Filter>
    </ClCompile>
    <ClCompile Include="api\DisconnectedServer_Tests.cpp">
      <Filter>Tests\API</Filter>
    </ClCompile>
    <ClCompile Include="api\ConnectedServer_Tests.cpp">
      <Filter>Tests\API</Filter>
    </ClCompile>
    <ClCompile Include="..\src\api\ApiCall.cpp">
      <Filter>Code</Filter>
    </ClCompile>
    <ClCompile Include="..\src\api\impl\OfflineServer.cpp">
      <Filter>Code</Filter>
    </ClCompile>
    <ClCompile Include="..\src\api\impl\ConnectedServer.cpp">
      <Filter>Code</Filter>
    </ClCompile>
    <ClCompile Include="..\src\api\impl\DisconnectedServer.cpp">
      <Filter>Code</Filter>
    </ClCompile>
    <ClCompile Include="..\src\ui\viewmodels\OverlayManager.cpp">
      <Filter>Code</Filter>
    </ClCompile>
    <ClCompile Include="..\src\ui\viewmodels\PopupMessageViewModel.cpp">
      <Filter>Code</Filter>
    </ClCompile>
    <ClCompile Include="services\AchievementRuntime_Tests.cpp">
      <Filter>Tests\Services</Filter>
    </ClCompile>
    <ClCompile Include="..\src\services\AchievementRuntime.cpp">
      <Filter>Code</Filter>
    </ClCompile>
    <ClCompile Include="ui\viewmodels\LoginViewModel_Tests.cpp">
      <Filter>Tests\UI\ViewModels</Filter>
    </ClCompile>
    <ClCompile Include="..\src\ui\viewmodels\LoginViewModel.cpp">
      <Filter>Code</Filter>
    </ClCompile>
    <ClCompile Include="RA_UnitTestHelpers.cpp">
      <Filter>Tests</Filter>
    </ClCompile>
    <ClInclude Include="RA_UnitTestHelpers.h">
      <Filter>Tests</Filter>
    </ClInclude>
    <ClCompile Include="services\Http_Tests.cpp">
      <Filter>Tests\Services</Filter>
    </ClCompile>
    <ClCompile Include="..\src\services\Http.cpp">
      <Filter>Code</Filter>
    </ClCompile>
    <ClCompile Include="ui\ViewModelCollection_Tests.cpp">
      <Filter>Tests\UI</Filter>
    </ClCompile>
    <ClCompile Include="..\src\ui\ViewModelCollection.cpp">
      <Filter>Code</Filter>
    </ClCompile>
    <ClCompile Include="..\src\ui\viewmodels\ScoreTrackerViewModel.cpp">
      <Filter>Code</Filter>
    </ClCompile>
    <ClCompile Include="ui\viewmodels\UnknownGameViewModel_Tests.cpp">
      <Filter>Tests\UI\ViewModels</Filter>
    </ClCompile>
    <ClCompile Include="..\src\ui\viewmodels\UnknownGameViewModel.cpp">
      <Filter>Code</Filter>
    </ClCompile>
    <ClCompile Include="..\src\ui\viewmodels\LookupItemViewModel.cpp">
      <Filter>Code</Filter>
    </ClCompile>
    <ClCompile Include="..\src\ui\viewmodels\PopupViewModelBase.cpp">
      <Filter>Code</Filter>
    </ClCompile>
    <ClCompile Include="..\src\ui\viewmodels\ScoreboardViewModel.cpp">
      <Filter>Code</Filter>
    </ClCompile>
    <ClCompile Include="RA_StringUtils_Tests.cpp">
      <Filter>Tests\Services</Filter>
    </ClCompile>
    <ClCompile Include="Exports_Tests.cpp">
      <Filter>Tests\Interface</Filter>
    </ClCompile>
    <ClCompile Include="ui\OverlayTheme_Tests.cpp">
      <Filter>Tests\UI</Filter>
    </ClCompile>
    <ClCompile Include="services\GameIdentifier_Tests.cpp">
      <Filter>Tests\Services</Filter>
    </ClCompile>
    <ClCompile Include="..\src\services\GameIdentifier.cpp">
      <Filter>Code</Filter>
    </ClCompile>
    <ClCompile Include="..\src\ui\viewmodels\OverlayViewModel.cpp">
      <Filter>Code</Filter>
    </ClCompile>
    <ClCompile Include="..\src\ui\viewmodels\OverlayAchievementsPageViewModel.cpp">
      <Filter>Code</Filter>
    </ClCompile>
    <ClCompile Include="..\src\ui\viewmodels\OverlayLeaderboardsPageViewModel.cpp">
      <Filter>Code</Filter>
    </ClCompile>
    <ClCompile Include="..\src\ui\viewmodels\OverlayListPageViewModel.cpp">
      <Filter>Code</Filter>
    </ClCompile>
    <ClCompile Include="ui\viewmodels\OverlayListPageViewModel_Tests.cpp">
      <Filter>Tests\UI\ViewModels</Filter>
    </ClCompile>
    <ClCompile Include="ui\viewmodels\OverlayAchievementsPageViewModel_Tests.cpp">
      <Filter>Tests\UI\ViewModels</Filter>
    </ClCompile>
    <ClCompile Include="ui\viewmodels\OverlayLeaderboardsPageViewModel_Tests.cpp">
      <Filter>Tests\UI\ViewModels</Filter>
    </ClCompile>
    <ClCompile Include="ui\viewmodels\OverlayManager_Tests.cpp">
      <Filter>Tests\UI\ViewModels</Filter>
    </ClCompile>
    <ClCompile Include="ui\viewmodels\BrokenAchievementsViewModel_Tests.cpp">
      <Filter>Tests\UI\ViewModels</Filter>
    </ClCompile>
    <ClCompile Include="..\src\ui\viewmodels\BrokenAchievementsViewModel.cpp">
      <Filter>Code</Filter>
    </ClCompile>
    <ClCompile Include="..\src\ui\viewmodels\OverlayFriendsPageViewModel.cpp">
      <Filter>Code</Filter>
    </ClCompile>
    <ClCompile Include="ui\viewmodels\OverlayFriendsPageViewModel_Tests.cpp">
      <Filter>Tests\UI\ViewModels</Filter>
    </ClCompile>
    <ClCompile Include="ui\viewmodels\OverlayRecentGamesPageViewModel_Tests.cpp">
      <Filter>Tests\UI\ViewModels</Filter>
    </ClCompile>
    <ClCompile Include="..\src\ui\viewmodels\OverlayRecentGamesPageViewModel.cpp">
      <Filter>Code</Filter>
    </ClCompile>
    <ClCompile Include="..\src\ui\viewmodels\MemoryBookmarksViewModel.cpp">
      <Filter>Code</Filter>
    </ClCompile>
    <ClCompile Include="ui\viewmodels\MemoryBookmarksViewModel_Tests.cpp">
      <Filter>Tests\UI\ViewModels</Filter>
    </ClCompile>
    <ClCompile Include="..\src\ui\viewmodels\FileDialogViewModel.cpp">
      <Filter>Code</Filter>
    </ClCompile>
    <ClCompile Include="ui\viewmodels\OverlaySettingsViewModel_Tests.cpp">
      <Filter>Tests\UI\ViewModels</Filter>
    </ClCompile>
    <ClCompile Include="..\src\ui\viewmodels\OverlaySettingsViewModel.cpp">
      <Filter>Code</Filter>
    </ClCompile>
    <ClCompile Include="ui\viewmodels\MemoryViewerViewModel_Tests.cpp">
      <Filter>Tests\UI\ViewModels</Filter>
    </ClCompile>
    <ClCompile Include="..\src\ui\viewmodels\MemoryViewerViewModel.cpp">
      <Filter>Code</Filter>
    </ClCompile>
    <ClCompile Include="..\src\ui\viewmodels\CodeNotesViewModel.cpp">
      <Filter>Code</Filter>
    </ClCompile>
    <ClCompile Include="ui\viewmodels\MemorySearchViewModel_Tests.cpp">
      <Filter>Tests\UI\ViewModels</Filter>
    </ClCompile>
    <ClCompile Include="..\src\ui\viewmodels\MemorySearchViewModel.cpp">
      <Filter>Code</Filter>
    </ClCompile>
    <ClCompile Include="ui\viewmodels\CodeNotesViewModel_Tests.cpp">
      <Filter>Tests\UI\ViewModels</Filter>
    </ClCompile>
    <ClCompile Include="ui\viewmodels\MemoryInspectorViewModel_Tests.cpp">
      <Filter>Tests\UI\ViewModels</Filter>
    </ClCompile>
    <ClCompile Include="..\src\ui\viewmodels\MemoryInspectorViewModel.cpp">
      <Filter>Code</Filter>
    </ClCompile>
    <ClCompile Include="..\src\ui\Theme.cpp">
      <Filter>Code</Filter>
    </ClCompile>
    <ClCompile Include="..\src\ui\TransactionalViewModelBase.cpp">
      <Filter>Code</Filter>
    </ClCompile>
    <ClCompile Include="..\src\ui\viewmodels\TriggerConditionViewModel.cpp">
      <Filter>Code</Filter>
    </ClCompile>
    <ClCompile Include="ui\viewmodels\TriggerConditionViewModel_Tests.cpp">
      <Filter>Tests\UI\ViewModels</Filter>
    </ClCompile>
    <ClCompile Include="..\src\ui\viewmodels\AssetListViewModel.cpp">
      <Filter>Code</Filter>
    </ClCompile>
    <ClCompile Include="..\src\ui\viewmodels\TriggerViewModel.cpp">
      <Filter>Code</Filter>
    </ClCompile>
    <ClCompile Include="ui\viewmodels\TriggerViewModel_Tests.cpp">
      <Filter>Tests\UI\ViewModels</Filter>
    </ClCompile>
    <ClCompile Include="ui\viewmodels\AssetEditorViewModel_Tests.cpp">
      <Filter>Tests\UI\ViewModels</Filter>
    </ClCompile>
    <ClCompile Include="..\src\ui\viewmodels\AssetEditorViewModel.cpp">
      <Filter>Code</Filter>
    </ClCompile>
    <ClCompile Include="..\src\services\FrameEventQueue.cpp">
      <Filter>Code</Filter>
    </ClCompile>
    <ClCompile Include="services\FrameEventQueue_Tests.cpp">
      <Filter>Tests\Services</Filter>
    </ClCompile>
    <ClCompile Include="..\src\data\context\UserContext.cpp">
      <Filter>Code</Filter>
    </ClCompile>
    <ClCompile Include="..\src\data\context\ConsoleContext.cpp">
      <Filter>Code</Filter>
    </ClCompile>
    <ClCompile Include="..\src\data\context\EmulatorContext.cpp">
      <Filter>Code</Filter>
    </ClCompile>
    <ClCompile Include="..\src\data\context\GameContext.cpp">
      <Filter>Code</Filter>
    </ClCompile>
    <ClCompile Include="..\src\data\context\SessionTracker.cpp">
      <Filter>Code</Filter>
    </ClCompile>
    <ClCompile Include="data\context\SessionTracker_Tests.cpp">
      <Filter>Tests\Data\Context</Filter>
    </ClCompile>
    <ClCompile Include="data\context\EmulatorContext_Tests.cpp">
      <Filter>Tests\Data\Context</Filter>
    </ClCompile>
    <ClCompile Include="data\context\GameContext_Tests.cpp">
      <Filter>Tests\Data\Context</Filter>
    </ClCompile>
    <ClCompile Include="data\ModelProperty_Tests.cpp">
      <Filter>Tests\Data</Filter>
    </ClCompile>
    <ClCompile Include="data\ModelPropertyContainer_Tests.cpp">
      <Filter>Tests\Data</Filter>
    </ClCompile>
    <ClCompile Include="..\src\data\ModelPropertyContainer.cpp">
      <Filter>Code</Filter>
    </ClCompile>
    <ClCompile Include="..\src\data\ModelProperty.cpp">
      <Filter>Code</Filter>
    </ClCompile>
    <ClCompile Include="data\DataModelBase_Tests.cpp">
      <Filter>Tests\Data</Filter>
    </ClCompile>
    <ClCompile Include="..\src\data\DataModelBase.cpp">
      <Filter>Code</Filter>
    </ClCompile>
    <ClCompile Include="..\src\data\DataModelCollection.cpp">
      <Filter>Code</Filter>
    </ClCompile>
    <ClCompile Include="..\src\data\ModelBase.cpp">
      <Filter>Code</Filter>
    </ClCompile>
    <ClCompile Include="..\src\data\ModelCollectionBase.cpp">
      <Filter>Code</Filter>
    </ClCompile>
    <ClCompile Include="..\src\data\models\AchievementModel.cpp">
      <Filter>Code</Filter>
    </ClCompile>
    <ClCompile Include="..\src\data\models\AssetModelBase.cpp">
      <Filter>Code</Filter>
    </ClCompile>
    <ClCompile Include="data\models\AchievementModel_Tests.cpp">
      <Filter>Tests\Data\Models</Filter>
    </ClCompile>
    <ClCompile Include="data\models\AssetModelBase_Tests.cpp">
      <Filter>Tests\Data\Models</Filter>
    </ClCompile>
    <ClCompile Include="ui\viewmodels\AssetListViewModel_Tests.cpp">
      <Filter>Tests\UI\ViewModels</Filter>
    </ClCompile>
    <ClCompile Include="..\src\data\context\GameAssets.cpp">
      <Filter>Code</Filter>
    </ClCompile>
    <ClCompile Include="data\context\GameAssets_Tests.cpp">
      <Filter>Tests\Data\Context</Filter>
    </ClCompile>
    <ClCompile Include="..\src\ui\viewmodels\AssetUploadViewModel.cpp">
      <Filter>Code</Filter>
    </ClCompile>
    <ClCompile Include="..\src\ui\viewmodels\ProgressViewModel.cpp">
      <Filter>Code</Filter>
    </ClCompile>
    <ClCompile Include="ui\viewmodels\ProgressViewModel_Tests.cpp">
      <Filter>Tests\UI\ViewModels</Filter>
    </ClCompile>
    <ClCompile Include="ui\viewmodels\AssetUploadViewModel_Tests.cpp">
      <Filter>Tests\UI\ViewModels</Filter>
    </ClCompile>
    <ClCompile Include="data\models\LocalBadgesModel_Tests.cpp">
      <Filter>Tests\Data\Models</Filter>
    </ClCompile>
    <ClCompile Include="..\src\data\models\LocalBadgesModel.cpp">
      <Filter>Code</Filter>
    </ClCompile>
    <ClCompile Include="..\src\data\models\CapturedTriggerHits.cpp">
      <Filter>Code</Filter>
    </ClCompile>
    <ClCompile Include="..\src\ui\viewmodels\ChallengeIndicatorViewModel.cpp">
      <Filter>Code</Filter>
    </ClCompile>
    <ClCompile Include="..\src\data\models\LeaderboardModel.cpp">
      <Filter>Code</Filter>
    </ClCompile>
    <ClCompile Include="data\models\LeaderboardModel_Tests.cpp">
      <Filter>Tests\Data\Models</Filter>
    </ClCompile>
    <ClCompile Include="..\src\ui\viewmodels\IntegrationMenuViewModel.cpp">
      <Filter>Code</Filter>
    </ClCompile>
    <ClCompile Include="ui\viewmodels\IntegrationMenuViewModel_Tests.cpp">
      <Filter>Tests\UI\ViewModels</Filter>
    </ClCompile>
    <ClCompile Include="..\src\data\models\TriggerValidation.cpp">
      <Filter>Code</Filter>
    </ClCompile>
    <ClCompile Include="data\models\TriggerValidation_Tests.cpp">
      <Filter>Tests\Data\Models</Filter>
    </ClCompile>
    <ClCompile Include="..\src\ui\viewmodels\NewAssetViewModel.cpp">
      <Filter>Code</Filter>
    </ClCompile>
    <ClCompile Include="..\src\data\models\RichPresenceModel.cpp">
      <Filter>Code</Filter>
    </ClCompile>
    <ClCompile Include="data\models\RichPresenceModel_Tests.cpp">
      <Filter>Tests\Data\Models</Filter>
    </ClCompile>
    <ClCompile Include="data\models\CodeNotesModel_Tests.cpp">
      <Filter>Tests\Data\Models</Filter>
    </ClCompile>
    <ClCompile Include="..\src\data\models\CodeNotesModel.cpp">
      <Filter>Code</Filter>
    </ClCompile>
    <ClCompile Include="..\src\ui\viewmodels\EmulatorViewModel.cpp">
      <Filter>Code</Filter>
    </ClCompile>
    <ClCompile Include="data\context\ConsoleContext_Tests.cpp">
      <Filter>Tests\Data\Context</Filter>
    </ClCompile>
    <ClCompile Include="..\src\ui\viewmodels\PointerFinderViewModel.cpp">
      <Filter>Code</Filter>
    </ClCompile>
    <ClCompile Include="ui\viewmodels\PointerFinderViewModel_Tests.cpp">
      <Filter>Tests\UI\ViewModels</Filter>
    </ClCompile>
    <ClCompile Include="..\src\ui\viewmodels\ProgressTrackerViewModel.cpp">
      <Filter>Code</Filter>
    </ClCompile>
  </ItemGroup>
  <ItemGroup>
    <None Include="base.props" />
  </ItemGroup>
  <ItemGroup>
    <ClInclude Include="mocks\MockAudioSystem.hh">
      <Filter>Mocks</Filter>
    </ClInclude>
    <ClInclude Include="mocks\MockClipboard.hh">
      <Filter>Mocks</Filter>
    </ClInclude>
    <ClInclude Include="mocks\MockClock.hh">
      <Filter>Mocks</Filter>
    </ClInclude>
    <ClInclude Include="mocks\MockConfiguration.hh">
      <Filter>Mocks</Filter>
    </ClInclude>
    <ClInclude Include="mocks\MockConsoleContext.hh">
      <Filter>Mocks</Filter>
    </ClInclude>
    <ClInclude Include="mocks\MockDesktop.hh">
      <Filter>Mocks</Filter>
    </ClInclude>
    <ClInclude Include="mocks\MockEmulatorContext.hh">
      <Filter>Mocks</Filter>
    </ClInclude>
    <ClInclude Include="mocks\MockFileSystem.hh">
      <Filter>Mocks</Filter>
    </ClInclude>
    <ClInclude Include="mocks\MockGameContext.hh">
      <Filter>Mocks</Filter>
    </ClInclude>
    <ClInclude Include="mocks\MockHttpRequester.hh">
      <Filter>Mocks</Filter>
    </ClInclude>
    <ClInclude Include="mocks\MockLocalStorage.hh">
      <Filter>Mocks</Filter>
    </ClInclude>
    <ClInclude Include="mocks\MockOverlayManager.hh">
      <Filter>Mocks</Filter>
    </ClInclude>
    <ClInclude Include="mocks\MockServer.hh">
      <Filter>Mocks</Filter>
    </ClInclude>
    <ClInclude Include="mocks\MockSessionTracker.hh">
      <Filter>Mocks</Filter>
    </ClInclude>
    <ClInclude Include="mocks\MockThreadPool.hh">
      <Filter>Mocks</Filter>
    </ClInclude>
    <ClInclude Include="mocks\MockUserContext.hh">
      <Filter>Mocks</Filter>
    </ClInclude>
    <ClInclude Include="..\src\pch.h">
      <Filter>Code</Filter>
    </ClInclude>
    <ClInclude Include="mocks\MockImageRepository.hh">
      <Filter>Mocks</Filter>
    </ClInclude>
    <ClInclude Include="mocks\MockSurface.hh">
      <Filter>Mocks</Filter>
    </ClInclude>
    <ClInclude Include="mocks\MockOverlayTheme.hh">
      <Filter>Mocks</Filter>
    </ClInclude>
    <ClInclude Include="mocks\MockWindowManager.hh">
      <Filter>Mocks</Filter>
    </ClInclude>
    <ClInclude Include="mocks\MockAchievementRuntime.hh">
      <Filter>Mocks</Filter>
    </ClInclude>
    <ClInclude Include="mocks\MockFrameEventQueue.hh">
      <Filter>Mocks</Filter>
    </ClInclude>
    <ClInclude Include="ui\UIAsserts.hh">
      <Filter>Tests\UI</Filter>
    </ClInclude>
    <ClInclude Include="services\ServicesAsserts.hh">
      <Filter>Tests\Services</Filter>
    </ClInclude>
    <ClInclude Include="data\DataAsserts.hh">
      <Filter>Tests\Data</Filter>
    </ClInclude>
    <ClInclude Include="api\ApiAsserts.hh">
      <Filter>Tests\API</Filter>
    </ClInclude>
    <ClInclude Include="ui\viewmodels\TriggerConditionAsserts.hh">
      <Filter>Tests\UI\ViewModels</Filter>
    </ClInclude>
    <ClInclude Include="..\src\data\models\LeaderboardModel.hh">
      <Filter>Code</Filter>
    </ClInclude>
    <ClInclude Include="..\src\ui\viewmodels\PointerFinderViewModel.hh">
      <Filter>Code</Filter>
    </ClInclude>
  </ItemGroup>
</Project>