<?xml version="1.0" encoding="utf-8"?>
<Project ToolsVersion="4.0" xmlns="http://schemas.microsoft.com/developer/msbuild/2003">
  <ItemGroup>
    <Filter Include="Tests">
      <UniqueIdentifier>{da7095d2-a217-48b5-9d38-7b0e58de5210}</UniqueIdentifier>
    </Filter>
    <Filter Include="Code">
      <UniqueIdentifier>{c09a9464-e27a-4721-8467-626c7f5e3ab0}</UniqueIdentifier>
    </Filter>
    <Filter Include="Code\rcheevos">
      <UniqueIdentifier>{633c15ff-4743-416b-9e0b-fa7493d6d969}</UniqueIdentifier>
    </Filter>
    <Filter Include="Code\lua">
      <UniqueIdentifier>{ca929deb-dbc0-4ae3-8307-9806dbf4b05f}</UniqueIdentifier>
    </Filter>
  </ItemGroup>
  <ItemGroup>
    <ClCompile Include="..\src\RA_Condition.cpp">
      <Filter>Code</Filter>
    </ClCompile>
    <ClCompile Include="..\src\RA_MemManager.cpp">
      <Filter>Code</Filter>
    </ClCompile>
    <ClInclude Include="..\src\RA_Condition.h">
      <Filter>Code</Filter>
    </ClInclude>
    <ClInclude Include="..\src\RA_MemManager.h">
      <Filter>Code</Filter>
    </ClInclude>
    <ClCompile Include="..\src\RA_Defs.cpp">
      <Filter>Code</Filter>
    </ClCompile>
    <ClInclude Include="..\src\RA_Defs.h">
      <Filter>Code</Filter>
    </ClInclude>
    <ClCompile Include="..\src\RA_Leaderboard.cpp">
      <Filter>Code</Filter>
    </ClCompile>
    <ClCompile Include="RA_Leaderboard_Tests.cpp">
      <Filter>Tests</Filter>
    </ClCompile>
    <ClCompile Include="SearchResults_Tests.cpp">
      <Filter>Tests</Filter>
    </ClCompile>
    <ClCompile Include="..\src\services\SearchResults.cpp">
      <Filter>Code</Filter>
    </ClCompile>
    <ClCompile Include="..\rcheevos\src\alloc.c">
      <Filter>Code\rcheevos</Filter>
    </ClCompile>
    <ClCompile Include="RA_RichPresence_Tests.cpp">
      <Filter>Tests</Filter>
    </ClCompile>
    <ClCompile Include="..\src\RA_RichPresence.cpp">
      <Filter>Code</Filter>
    </ClCompile>
    <ClCompile Include="..\src\RA_Achievement.cpp">
      <Filter>Code</Filter>
    </ClCompile>
    <ClCompile Include="RA_Achievement_Tests.cpp">
      <Filter>Tests</Filter>
    </ClCompile>
    <ClCompile Include="..\src\md5.c">
      <Filter>Code</Filter>
    </ClCompile>
    <ClCompile Include="..\src\RA_md5factory.cpp">
      <Filter>Code</Filter>
    </ClCompile>
  </ItemGroup>
  <ItemGroup>
    <ClCompile Include="RA_Condition_Tests.cpp">
      <Filter>Tests</Filter>
    </ClCompile>
    <ClCompile Include="..\rcheevos\src\condition.c">
      <Filter>Code\rcheevos</Filter>
    </ClCompile>
    <ClCompile Include="..\rcheevos\src\condset.c">
      <Filter>Code\rcheevos</Filter>
    </ClCompile>
    <ClCompile Include="..\rcheevos\src\expression.c">
      <Filter>Code\rcheevos</Filter>
    </ClCompile>
    <ClCompile Include="..\rcheevos\src\format.c">
      <Filter>Code\rcheevos</Filter>
    </ClCompile>
    <ClCompile Include="..\rcheevos\src\lboard.c">
      <Filter>Code\rcheevos</Filter>
    </ClCompile>
    <ClCompile Include="..\rcheevos\src\operand.c">
      <Filter>Code\rcheevos</Filter>
    </ClCompile>
    <ClCompile Include="..\rcheevos\src\term.c">
      <Filter>Code\rcheevos</Filter>
    </ClCompile>
    <ClCompile Include="..\rcheevos\src\trigger.c">
      <Filter>Code\rcheevos</Filter>
    </ClCompile>
    <ClCompile Include="..\rcheevos\src\value.c">
      <Filter>Code\rcheevos</Filter>
    </ClCompile>
    <ClCompile Include="RA_Achievement_Tests.cpp">
      <Filter>Tests</Filter>
    </ClCompile>
    <ClCompile Include="..\src\RA_Achievement.cpp">
      <Filter>Code</Filter>
    </ClCompile>
    <ClCompile Include="RA_Condition_Tests.cpp">
      <Filter>Tests</Filter>
    </ClCompile>
    <ClCompile Include="..\lua\lapi.c">
      <Filter>Code\lua</Filter>
    </ClCompile>
    <ClCompile Include="..\lua\lcode.c">
      <Filter>Code\lua</Filter>
    </ClCompile>
    <ClCompile Include="..\lua\lctype.c">
      <Filter>Code\lua</Filter>
    </ClCompile>
    <ClCompile Include="..\lua\ldebug.c">
      <Filter>Code\lua</Filter>
    </ClCompile>
    <ClCompile Include="..\lua\ldo.c">
      <Filter>Code\lua</Filter>
    </ClCompile>
    <ClCompile Include="..\lua\ldump.c">
      <Filter>Code\lua</Filter>
    </ClCompile>
    <ClCompile Include="..\lua\lfunc.c">
      <Filter>Code\lua</Filter>
    </ClCompile>
    <ClCompile Include="..\lua\lgc.c">
      <Filter>Code\lua</Filter>
    </ClCompile>
    <ClCompile Include="..\lua\llex.c">
      <Filter>Code\lua</Filter>
    </ClCompile>
    <ClCompile Include="..\lua\lmem.c">
      <Filter>Code\lua</Filter>
    </ClCompile>
    <ClCompile Include="..\lua\lobject.c">
      <Filter>Code\lua</Filter>
    </ClCompile>
    <ClCompile Include="..\lua\lopcodes.c">
      <Filter>Code\lua</Filter>
    </ClCompile>
    <ClCompile Include="..\lua\lparser.c">
      <Filter>Code\lua</Filter>
    </ClCompile>
    <ClCompile Include="..\lua\lstate.c">
      <Filter>Code\lua</Filter>
    </ClCompile>
    <ClCompile Include="..\lua\lstring.c">
      <Filter>Code\lua</Filter>
    </ClCompile>
    <ClCompile Include="..\lua\ltable.c">
      <Filter>Code\lua</Filter>
    </ClCompile>
    <ClCompile Include="..\lua\ltm.c">
      <Filter>Code\lua</Filter>
    </ClCompile>
    <ClCompile Include="..\lua\lundump.c">
      <Filter>Code\lua</Filter>
    </ClCompile>
    <ClCompile Include="..\lua\lvm.c">
      <Filter>Code\lua</Filter>
    </ClCompile>
    <ClCompile Include="..\lua\lzio.c">
      <Filter>Code\lua</Filter>
    </ClCompile>
    <ClCompile Include="..\lua\lauxlib.c">
      <Filter>Code\lua</Filter>
    </ClCompile>
  </ItemGroup>
  <ItemGroup>
    <ClCompile Include="RA_UnitTestHelpers.cpp">
      <Filter>Tests</Filter>
    </ClCompile>
    <ClInclude Include="RA_UnitTestHelpers.h">
      <Filter>Tests</Filter>
    </ClInclude>
    <ClCompile Include="RA_Defs_Tests.cpp">
      <Filter>Tests</Filter>
    </ClCompile>
  </ItemGroup>
  <ItemGroup>
    <ClInclude Include="..\src\RA_Leaderboard.h">
      <Filter>Code</Filter>
    </ClInclude>
    <ClInclude Include="..\rcheevos\include\rcheevos.h">
      <Filter>Code\rcheevos</Filter>
    </ClInclude>
    <ClInclude Include="..\src\RA_Achievement.h">
      <Filter>Code</Filter>
    </ClInclude>
    <ClInclude Include="..\src\RA_Achievement.h">
      <Filter>Code</Filter>
    </ClInclude>
    <ClInclude Include="..\src\md5.h">
      <Filter>Code</Filter>
    </ClInclude>
    <ClInclude Include="..\src\RA_md5factory.h">
      <Filter>Code</Filter>
    </ClInclude>
  </ItemGroup>
  <ItemGroup>
    <None Include="base.props" />
  </ItemGroup>
</Project>