<?xml version="1.0" encoding="utf-8"?>
<Project ToolsVersion="4.0" xmlns="http://schemas.microsoft.com/developer/msbuild/2003">
  <ItemGroup>
    <ClCompile Include="data\ModelProperty_Tests.cpp">
      <Filter>data</Filter>
    </ClCompile>
    <ClCompile Include="util\Strings_Tests.cpp">
      <Filter>util</Filter>
    </ClCompile>
    <ClCompile Include="data\DataModelBase_Tests.cpp">
      <Filter>data</Filter>
    </ClCompile>
    <ClCompile Include="data\ModelPropertyContainer_Tests.cpp">
      <Filter>data</Filter>
    </ClCompile>
    <ClCompile Include="data\NotifyTargetSet_Tests.cpp">
      <Filter>data</Filter>
    </ClCompile>
  </ItemGroup>
  <ItemGroup>
    <None Include="$(SolutionDir)\src\base.props" />
  </ItemGroup>
  <ItemGroup>
    <Filter Include="data">
      <UniqueIdentifier>{0cb6f498-4743-4a0c-b6c2-4fce3894f5ae}</UniqueIdentifier>
    </Filter>
    <Filter Include="util">
      <UniqueIdentifier>{55d31de8-4310-47c3-acda-ee70373135ce}</UniqueIdentifier>
    </Filter>
    <Filter Include="testutil">
      <UniqueIdentifier>{0704504a-6093-4bb9-99a9-f5ea8c402401}</UniqueIdentifier>
    </Filter>
  </ItemGroup>
  <ItemGroup>
    <ClInclude Include="testutil\CppUnitTest.hh">
      <Filter>testutil</Filter>
    </ClInclude>
  </ItemGroup>
</Project>