<?xml version="1.0" encoding="utf-8"?>
<Project ToolsVersion="4.0" xmlns="http://schemas.microsoft.com/developer/msbuild/2003">
  <ItemGroup>
    <Filter Include="Resources">
      <UniqueIdentifier>{e8b3e304-7e35-4e4d-814e-28b5e9ff94f5}</UniqueIdentifier>
    </Filter>
    <Filter Include="Data">
      <UniqueIdentifier>{0f693174-8812-4a25-b051-5e46e07c9ab3}</UniqueIdentifier>
    </Filter>
    <Filter Include="Interface">
      <UniqueIdentifier>{cc97b9d0-bd2d-4532-8d43-23bd8e9164f3}</UniqueIdentifier>
    </Filter>
    <Filter Include="UI">
      <UniqueIdentifier>{6a5abb06-9375-40d0-823a-8528f2b9794c}</UniqueIdentifier>
    </Filter>
    <Filter Include="Services">
      <UniqueIdentifier>{35979a09-2dc1-4255-9e37-d40bf000e961}</UniqueIdentifier>
    </Filter>
    <Filter Include="Services\Impl">
      <UniqueIdentifier>{3b94374b-a06e-4994-b6f8-3a2f5e215803}</UniqueIdentifier>
    </Filter>
    <Filter Include="Helpers">
      <UniqueIdentifier>{cd433aa7-9c74-461e-ba0e-3ce327a59b7a}</UniqueIdentifier>
    </Filter>
    <Filter Include="UI\ViewModels">
      <UniqueIdentifier>{0badbd6c-a477-4f69-b999-f27b050c3a17}</UniqueIdentifier>
    </Filter>
    <Filter Include="UI\Win32">
      <UniqueIdentifier>{b7f9a7ef-094b-4e87-b9ae-4ab9356dab74}</UniqueIdentifier>
    </Filter>
    <Filter Include="UI\Win32\Bindings">
      <UniqueIdentifier>{24415556-accd-41e1-a23a-3ef078909014}</UniqueIdentifier>
    </Filter>
    <Filter Include="PCH">
      <UniqueIdentifier>{2e33d92b-6ab7-47c6-9d74-f2802ca48d25}</UniqueIdentifier>
    </Filter>
    <Filter Include="API">
      <UniqueIdentifier>{afdc6aff-1e7f-46fe-bc7f-ac8c1435a3b5}</UniqueIdentifier>
    </Filter>
    <Filter Include="API\impl">
      <UniqueIdentifier>{cddf7ac4-2c70-4889-be6d-af4b24d6b492}</UniqueIdentifier>
    </Filter>
    <Filter Include="UI\Drawing">
      <UniqueIdentifier>{73348d86-3ebd-4b81-91b6-a86ebcd070be}</UniqueIdentifier>
    </Filter>
    <Filter Include="UI\Drawing\GDI">
      <UniqueIdentifier>{14c5d511-d3e0-450c-961b-e9d2706807fe}</UniqueIdentifier>
    </Filter>
  </ItemGroup>
  <ItemGroup>
    <ClCompile Include="RA_Achievement.cpp">
      <Filter>Data</Filter>
    </ClCompile>
    <ClCompile Include="RA_AchievementSet.cpp">
      <Filter>Data</Filter>
    </ClCompile>
    <ClCompile Include="RA_CodeNotes.cpp">
      <Filter>Data</Filter>
    </ClCompile>
    <ClCompile Include="RA_Condition.cpp">
      <Filter>Data</Filter>
    </ClCompile>
    <ClCompile Include="RA_Dlg_AchEditor.cpp">
      <Filter>UI</Filter>
    </ClCompile>
    <ClCompile Include="RA_Dlg_Achievement.cpp">
      <Filter>UI</Filter>
    </ClCompile>
    <ClCompile Include="RA_Dlg_AchievementsReporter.cpp">
      <Filter>UI</Filter>
    </ClCompile>
    <ClCompile Include="RA_Dlg_GameLibrary.cpp">
      <Filter>UI</Filter>
    </ClCompile>
    <ClCompile Include="RA_Dlg_GameTitle.cpp">
      <Filter>UI</Filter>
    </ClCompile>
    <ClCompile Include="RA_Dlg_MemBookmark.cpp">
      <Filter>UI</Filter>
    </ClCompile>
    <ClCompile Include="RA_Dlg_Memory.cpp">
      <Filter>UI</Filter>
    </ClCompile>
    <ClCompile Include="RA_Leaderboard.cpp">
      <Filter>Data</Filter>
    </ClCompile>
    <ClCompile Include="RA_RichPresence.cpp">
      <Filter>Data</Filter>
    </ClCompile>
    <ClCompile Include="RA_User.cpp">
      <Filter>Data</Filter>
    </ClCompile>
    <ClCompile Include="RA_httpthread.cpp">
      <Filter>Services</Filter>
    </ClCompile>
    <ClCompile Include="RA_md5factory.cpp">
      <Filter>Services</Filter>
    </ClCompile>
    <ClCompile Include="RA_LeaderboardPopup.cpp">
      <Filter>UI</Filter>
    </ClCompile>
    <ClCompile Include="RA_Interface.cpp">
      <Filter>Interface</Filter>
    </ClCompile>
    <ClCompile Include="RA_Core.cpp">
      <Filter>Interface</Filter>
    </ClCompile>
    <ClCompile Include="RA_Defs.cpp">
      <Filter>Interface</Filter>
    </ClCompile>
    <ClCompile Include="RA_AchievementOverlay.cpp">
      <Filter>UI</Filter>
    </ClCompile>
    <ClCompile Include="RA_ImageFactory.cpp">
      <Filter>Services</Filter>
    </ClCompile>
    <ClCompile Include="RA_MemManager.cpp">
      <Filter>Services</Filter>
    </ClCompile>
    <ClCompile Include="services\SearchResults.cpp">
      <Filter>Services</Filter>
    </ClCompile>
    <ClCompile Include="services\impl\JsonFileConfiguration.cpp">
      <Filter>Services\Impl</Filter>
    </ClCompile>
    <ClCompile Include="services\impl\LeaderboardManager.cpp">
      <Filter>Services\Impl</Filter>
    </ClCompile>
    <ClCompile Include="services\Initialization.cpp">
      <Filter>Services</Filter>
    </ClCompile>
    <ClCompile Include="services\impl\WindowsFileSystem.cpp">
      <Filter>Services\Impl</Filter>
    </ClCompile>
    <ClCompile Include="ui\viewmodels\MessageBoxViewModel.cpp">
      <Filter>UI\ViewModels</Filter>
    </ClCompile>
    <ClCompile Include="ui\WindowViewModelBase.cpp">
      <Filter>UI</Filter>
    </ClCompile>
    <ClCompile Include="ui\ViewModelBase.cpp">
      <Filter>UI</Filter>
    </ClCompile>
    <ClCompile Include="ui\ModelProperty.cpp">
      <Filter>UI</Filter>
    </ClCompile>
    <ClCompile Include="ui\win32\Desktop.cpp">
      <Filter>UI\Win32</Filter>
    </ClCompile>
    <ClCompile Include="RA_StringUtils.cpp">
      <Filter>Services</Filter>
    </ClCompile>
    <ClCompile Include="RA_Json.cpp">
      <Filter>Services</Filter>
    </ClCompile>
    <ClCompile Include="ui\viewmodels\RichPresenceMonitorViewModel.cpp">
      <Filter>UI\ViewModels</Filter>
    </ClCompile>
    <ClCompile Include="ui\win32\DialogBase.cpp">
      <Filter>UI\Win32</Filter>
    </ClCompile>
    <ClCompile Include="ui\win32\MessageBoxDialog.cpp">
      <Filter>UI\Win32</Filter>
    </ClCompile>
    <ClCompile Include="ui\win32\RichPresenceDialog.cpp">
      <Filter>UI\Win32</Filter>
    </ClCompile>
    <ClCompile Include="ui\win32\bindings\WindowBinding.cpp">
      <Filter>UI\Win32\Bindings</Filter>
    </ClCompile>
    <ClCompile Include="services\impl\ThreadPool.cpp">
      <Filter>Services\Impl</Filter>
    </ClCompile>
    <ClCompile Include="services\impl\FileLocalStorage.cpp">
      <Filter>Services\Impl</Filter>
    </ClCompile>
    <ClCompile Include="services\impl\WindowsHttpRequester.cpp">
      <Filter>Services\Impl</Filter>
    </ClCompile>
    <ClCompile Include="services\Http.cpp">
      <Filter>Services</Filter>
    </ClCompile>
    <ClCompile Include="ui\viewmodels\GameChecksumViewModel.cpp">
      <Filter>UI\ViewModels</Filter>
    </ClCompile>
    <ClCompile Include="ui\win32\GameChecksumDialog.cpp">
      <Filter>UI\Win32</Filter>
    </ClCompile>
    <ClCompile Include="data\GameContext.cpp">
      <Filter>Data</Filter>
    </ClCompile>
    <ClCompile Include="pch.cpp">
      <Filter>PCH</Filter>
    </ClCompile>
    <ClCompile Include="Exports.cpp">
      <Filter>Interface</Filter>
    </ClCompile>
    <ClCompile Include="api\ApiCall.cpp">
      <Filter>API</Filter>
    </ClCompile>
    <ClCompile Include="api\impl\ConnectedServer.cpp">
      <Filter>API\impl</Filter>
    </ClCompile>
    <ClCompile Include="api\impl\DisconnectedServer.cpp">
      <Filter>API\impl</Filter>
    </ClCompile>
    <ClCompile Include="api\impl\OfflineServer.cpp">
      <Filter>API\impl</Filter>
    </ClCompile>
    <ClCompile Include="ui\drawing\gdi\GDISurface.cpp">
      <Filter>UI\Drawing\GDI</Filter>
    </ClCompile>
    <ClCompile Include="ui\drawing\gdi\ImageRepository.cpp">
      <Filter>UI\Drawing\GDI</Filter>
    </ClCompile>
    <ClCompile Include="ui\drawing\gdi\GDIBitmapSurface.cpp">
      <Filter>UI\Drawing\GDI</Filter>
    </ClCompile>
    <ClCompile Include="data\SessionTracker.cpp">
      <Filter>Data</Filter>
    </ClCompile>
    <ClCompile Include="ui\viewmodels\OverlayManager.cpp">
      <Filter>UI\ViewModels</Filter>
    </ClCompile>
    <ClCompile Include="ui\viewmodels\PopupMessageViewModel.cpp">
      <Filter>UI\ViewModels</Filter>
    </ClCompile>
    <ClCompile Include="services\AchievementRuntime.cpp">
      <Filter>Services</Filter>
    </ClCompile>
    <ClCompile Include="ui\viewmodels\LoginViewModel.cpp">
      <Filter>UI\ViewModels</Filter>
    </ClCompile>
    <ClCompile Include="ui\win32\LoginDialog.cpp">
      <Filter>UI\Win32</Filter>
    </ClCompile>
    <ClCompile Include="data\EmulatorContext.cpp">
      <Filter>Data</Filter>
    </ClCompile>
    <ClCompile Include="data\UserContext.cpp">
      <Filter>Data</Filter>
    </ClCompile>
  </ItemGroup>
  <ItemGroup>
    <ClInclude Include="RA_Achievement.h">
      <Filter>Data</Filter>
    </ClInclude>
    <ClInclude Include="RA_AchievementSet.h">
      <Filter>Data</Filter>
    </ClInclude>
    <ClInclude Include="RA_CodeNotes.h">
      <Filter>Data</Filter>
    </ClInclude>
    <ClInclude Include="RA_Condition.h">
      <Filter>Data</Filter>
    </ClInclude>
    <ClInclude Include="RA_Dlg_AchEditor.h">
      <Filter>UI</Filter>
    </ClInclude>
    <ClInclude Include="RA_Dlg_Achievement.h">
      <Filter>UI</Filter>
    </ClInclude>
    <ClInclude Include="RA_Dlg_AchievementsReporter.h">
      <Filter>UI</Filter>
    </ClInclude>
    <ClInclude Include="RA_Dlg_GameLibrary.h">
      <Filter>UI</Filter>
    </ClInclude>
    <ClInclude Include="RA_Dlg_GameTitle.h">
      <Filter>UI</Filter>
    </ClInclude>
    <ClInclude Include="RA_Dlg_MemBookmark.h">
      <Filter>UI</Filter>
    </ClInclude>
    <ClInclude Include="RA_Dlg_Memory.h">
      <Filter>UI</Filter>
    </ClInclude>
    <ClInclude Include="RA_Leaderboard.h">
      <Filter>Data</Filter>
    </ClInclude>
    <ClInclude Include="RA_RichPresence.h">
      <Filter>Data</Filter>
    </ClInclude>
    <ClInclude Include="RA_User.h">
      <Filter>Data</Filter>
    </ClInclude>
    <ClInclude Include="RA_httpthread.h">
      <Filter>Services</Filter>
    </ClInclude>
    <ClInclude Include="RA_Resource.h">
      <Filter>Resources</Filter>
    </ClInclude>
    <ClInclude Include="RA_md5factory.h">
      <Filter>Services</Filter>
    </ClInclude>
    <ClInclude Include="RA_LeaderboardPopup.h">
      <Filter>UI</Filter>
    </ClInclude>
    <ClInclude Include="RA_Interface.h">
      <Filter>Interface</Filter>
    </ClInclude>
    <ClInclude Include="RA_Core.h">
      <Filter>Interface</Filter>
    </ClInclude>
    <ClInclude Include="RA_Defs.h">
      <Filter>Interface</Filter>
    </ClInclude>
    <ClInclude Include="RA_BuildVer.h">
      <Filter>Resources</Filter>
    </ClInclude>
    <ClInclude Include="RA_AchievementOverlay.h">
      <Filter>UI</Filter>
    </ClInclude>
    <ClInclude Include="RA_ImageFactory.h">
      <Filter>Services</Filter>
    </ClInclude>
    <ClInclude Include="services\IConfiguration.hh">
      <Filter>Services</Filter>
    </ClInclude>
    <ClInclude Include="services\impl\JsonFileConfiguration.hh">
      <Filter>Services\Impl</Filter>
    </ClInclude>
    <ClInclude Include="ui\WindowViewModelBase.hh">
      <Filter>UI</Filter>
    </ClInclude>
    <ClInclude Include="services\impl\LeaderboardManager.hh">
      <Filter>Services\Impl</Filter>
    </ClInclude>
    <ClInclude Include="services\ILeaderboardManager.hh">
      <Filter>Services</Filter>
    </ClInclude>
    <ClInclude Include="services\Initialization.hh">
      <Filter>Services</Filter>
    </ClInclude>
    <ClInclude Include="services\ServiceLocator.hh">
      <Filter>Services</Filter>
    </ClInclude>
    <ClInclude Include="RA_Log.h">
      <Filter>Services</Filter>
    </ClInclude>
    <ClInclude Include="RA_Json.h">
      <Filter>Services</Filter>
    </ClInclude>
    <ClInclude Include="RA_MemManager.h">
      <Filter>Services</Filter>
    </ClInclude>
    <ClInclude Include="services\SearchResults.h">
      <Filter>Services</Filter>
    </ClInclude>
    <ClInclude Include="ra_fwd.h">
      <Filter>Helpers</Filter>
    </ClInclude>
    <ClInclude Include="services\IFileSystem.hh">
      <Filter>Services</Filter>
    </ClInclude>
    <ClInclude Include="services\impl\WindowsFileSystem.hh">
      <Filter>Services\Impl</Filter>
    </ClInclude>
    <ClInclude Include="RA_StringUtils.h">
      <Filter>Services</Filter>
    </ClInclude>
    <ClInclude Include="services\impl\StringTextReader.hh">
      <Filter>Services\Impl</Filter>
    </ClInclude>
    <ClInclude Include="services\impl\StringTextWriter.hh">
      <Filter>Services\Impl</Filter>
    </ClInclude>
    <ClInclude Include="services\impl\FileTextWriter.hh">
      <Filter>Services\Impl</Filter>
    </ClInclude>
    <ClInclude Include="services\impl\FileTextReader.hh">
      <Filter>Services\Impl</Filter>
    </ClInclude>
    <ClInclude Include="services\TextWriter.hh">
      <Filter>Services</Filter>
    </ClInclude>
    <ClInclude Include="services\TextReader.hh">
      <Filter>Services</Filter>
    </ClInclude>
    <ClInclude Include="services\IThreadPool.hh">
      <Filter>Services</Filter>
    </ClInclude>
    <ClInclude Include="services\impl\ThreadPool.hh">
      <Filter>Services\Impl</Filter>
    </ClInclude>
    <ClInclude Include="services\ILogger.hh">
      <Filter>Services</Filter>
    </ClInclude>
    <ClInclude Include="services\impl\FileLogger.hh">
      <Filter>Services\Impl</Filter>
    </ClInclude>
    <ClInclude Include="services\IClock.hh">
      <Filter>Services</Filter>
    </ClInclude>
    <ClInclude Include="services\impl\Clock.hh">
      <Filter>Services\Impl</Filter>
    </ClInclude>
    <ClInclude Include="services\impl\WindowsDebuggerFileLogger.hh">
      <Filter>Services\Impl</Filter>
    </ClInclude>
    <ClInclude Include="ui\viewmodels\MessageBoxViewModel.hh">
      <Filter>UI\ViewModels</Filter>
    </ClInclude>
    <ClInclude Include="ui\ViewModelBase.hh">
      <Filter>UI</Filter>
    </ClInclude>
    <ClInclude Include="ui\ModelProperty.hh">
      <Filter>UI</Filter>
    </ClInclude>
    <ClInclude Include="ui\IDesktop.hh">
      <Filter>UI</Filter>
    </ClInclude>
    <ClInclude Include="ui\win32\Desktop.hh">
      <Filter>UI\Win32</Filter>
    </ClInclude>
    <ClInclude Include="ui\win32\IDialogPresenter.hh">
      <Filter>UI\Win32</Filter>
    </ClInclude>
    <ClInclude Include="ui\viewmodels\RichPresenceMonitorViewModel.hh">
      <Filter>UI\ViewModels</Filter>
    </ClInclude>
    <ClInclude Include="ui\win32\bindings\WindowBinding.hh">
      <Filter>UI\Win32\Bindings</Filter>
    </ClInclude>
    <ClInclude Include="ui\win32\DialogBase.hh">
      <Filter>UI\Win32</Filter>
    </ClInclude>
    <ClInclude Include="ui\win32\MessageBoxDialog.hh">
      <Filter>UI\Win32</Filter>
    </ClInclude>
    <ClInclude Include="ui\win32\RichPresenceDialog.hh">
      <Filter>UI\Win32</Filter>
    </ClInclude>
    <ClInclude Include="ui\BindingBase.hh">
      <Filter>UI</Filter>
    </ClInclude>
    <ClInclude Include="ui\viewmodels\WindowManager.hh">
      <Filter>UI\ViewModels</Filter>
    </ClInclude>
    <ClInclude Include="services\ILocalStorage.hh">
      <Filter>Services</Filter>
    </ClInclude>
    <ClInclude Include="services\impl\FileLocalStorage.hh">
      <Filter>Services\Impl</Filter>
    </ClInclude>
    <ClInclude Include="services\IHttpRequester.hh">
      <Filter>Services</Filter>
    </ClInclude>
    <ClInclude Include="services\impl\WindowsHttpRequester.hh">
      <Filter>Services\Impl</Filter>
    </ClInclude>
    <ClInclude Include="services\Http.hh">
      <Filter>Services</Filter>
    </ClInclude>
    <ClInclude Include="ui\viewmodels\GameChecksumViewModel.hh">
      <Filter>UI\ViewModels</Filter>
    </ClInclude>
    <ClInclude Include="ui\win32\GameChecksumDialog.hh">
      <Filter>UI\Win32</Filter>
    </ClInclude>
    <ClInclude Include="services\IClipboard.hh">
      <Filter>Services</Filter>
    </ClInclude>
    <ClInclude Include="services\impl\WindowsClipboard.hh">
      <Filter>Services\Impl</Filter>
    </ClInclude>
    <ClInclude Include="data\GameContext.hh">
      <Filter>Data</Filter>
    </ClInclude>
    <ClInclude Include="windows_nodefines.h">
      <Filter>PCH</Filter>
    </ClInclude>
    <ClInclude Include="pch.h">
      <Filter>PCH</Filter>
    </ClInclude>
    <ClInclude Include="pch_cppcorecheck_suppressions.h">
      <Filter>PCH</Filter>
    </ClInclude>
    <ClInclude Include="pch_microsoft_suppressions.h">
      <Filter>PCH</Filter>
    </ClInclude>
    <ClInclude Include="Exports.hh">
      <Filter>Interface</Filter>
    </ClInclude>
    <ClInclude Include="ra_math.h">
      <Filter>Helpers</Filter>
    </ClInclude>
    <ClInclude Include="api\ApiCall.hh">
      <Filter>API</Filter>
    </ClInclude>
    <ClInclude Include="api\IServer.hh">
      <Filter>API</Filter>
    </ClInclude>
    <ClInclude Include="api\Login.hh">
      <Filter>API</Filter>
    </ClInclude>
    <ClInclude Include="api\Logout.hh">
      <Filter>API</Filter>
    </ClInclude>
    <ClInclude Include="api\impl\ServerBase.hh">
      <Filter>API\impl</Filter>
    </ClInclude>
    <ClInclude Include="api\impl\ConnectedServer.hh">
      <Filter>API\impl</Filter>
    </ClInclude>
    <ClInclude Include="api\impl\DisconnectedServer.hh">
      <Filter>API\impl</Filter>
    </ClInclude>
    <ClInclude Include="api\impl\OfflineServer.hh">
      <Filter>API\impl</Filter>
    </ClInclude>
    <ClInclude Include="ui\drawing\gdi\GDISurface.hh">
      <Filter>UI\Drawing\GDI</Filter>
    </ClInclude>
    <ClInclude Include="ui\drawing\ISurface.hh">
      <Filter>UI\Drawing</Filter>
    </ClInclude>
    <ClInclude Include="ui\Types.hh">
      <Filter>UI</Filter>
    </ClInclude>
    <ClInclude Include="ui\drawing\gdi\ImageRepository.hh">
      <Filter>UI\Drawing\GDI</Filter>
    </ClInclude>
    <ClInclude Include="ui\ImageReference.hh">
      <Filter>UI</Filter>
    </ClInclude>
    <ClInclude Include="ui\drawing\gdi\ResourceRepository.hh">
      <Filter>UI\Drawing\GDI</Filter>
    </ClInclude>
    <ClInclude Include="ui\drawing\gdi\GDIBitmapSurface.hh">
      <Filter>UI\Drawing\GDI</Filter>
    </ClInclude>
    <ClInclude Include="data\SessionTracker.hh">
      <Filter>Data</Filter>
    </ClInclude>
    <ClInclude Include="api\StartSession.hh">
      <Filter>API</Filter>
    </ClInclude>
    <ClInclude Include="api\Ping.hh">
      <Filter>API</Filter>
    </ClInclude>
    <ClInclude Include="data\UserContext.hh">
      <Filter>Data</Filter>
    </ClInclude>
    <ClInclude Include="ui\viewmodels\PopupMessageViewModel.hh">
      <Filter>UI\ViewModels</Filter>
    </ClInclude>
    <ClInclude Include="ui\viewmodels\PopupViewModelBase.hh">
      <Filter>UI\ViewModels</Filter>
    </ClInclude>
    <ClInclude Include="ui\viewmodels\OverlayManager.hh">
      <Filter>UI\ViewModels</Filter>
    </ClInclude>
    <ClInclude Include="services\IAudioSystem.hh">
      <Filter>Services</Filter>
    </ClInclude>
    <ClInclude Include="services\impl\WindowsAudioSystem.hh">
      <Filter>Services\Impl</Filter>
    </ClInclude>
    <ClInclude Include="services\AchievementRuntime.hh">
      <Filter>Services</Filter>
    </ClInclude>
    <ClInclude Include="api\ResolveHash.hh">
      <Filter>API</Filter>
    </ClInclude>
    <ClInclude Include="ui\viewmodels\LoginViewModel.hh">
      <Filter>UI\ViewModels</Filter>
    </ClInclude>
    <ClInclude Include="ui\win32\LoginDialog.hh">
      <Filter>UI\Win32</Filter>
    </ClInclude>
    <ClInclude Include="ui\win32\bindings\ControlBinding.hh">
      <Filter>UI\Win32\Bindings</Filter>
    </ClInclude>
    <ClInclude Include="ui\win32\bindings\TextBoxBinding.hh">
      <Filter>UI\Win32\Bindings</Filter>
    </ClInclude>
    <ClInclude Include="ui\win32\bindings\CheckBoxBinding.hh">
      <Filter>UI\Win32\Bindings</Filter>
    </ClInclude>
    <ClInclude Include="api\LatestClient.hh">
      <Filter>API</Filter>
    </ClInclude>
    <ClInclude Include="data\EmulatorContext.hh">
      <Filter>Data</Filter>
    </ClInclude>
    <ClInclude Include="api\FetchGameData.hh">
      <Filter>API</Filter>
    </ClInclude>
    <ClInclude Include="api\FetchUserUnlocks.hh">
      <Filter>API</Filter>
    </ClInclude>
    <ClInclude Include="api\AwardAchievement.hh">
      <Filter>API</Filter>
    </ClInclude>
  </ItemGroup>
  <ItemGroup>
    <ResourceCompile Include="RA_Shared.rc">
      <Filter>Resources</Filter>
    </ResourceCompile>
    <ResourceCompile Include="RA_Version.rc">
      <Filter>Resources</Filter>
    </ResourceCompile>
  </ItemGroup>
  <ItemGroup>
    <None Include="ra_type_traits.h">
      <Filter>Helpers</Filter>
    </None>
    <None Include="ra_utility.h">
      <Filter>Helpers</Filter>
    </None>
    <None Include="base.props" />
  </ItemGroup>
</Project>