<?xml version="1.0" encoding="utf-8"?>
<Project ToolsVersion="4.0" xmlns="http://schemas.microsoft.com/developer/msbuild/2003">
  <ItemGroup>
    <ClCompile Include="..\rcheevos\src\rcheevos\value.c">
      <Filter>rcheevos</Filter>
    </ClCompile>
    <ClCompile Include="..\rcheevos\src\rcheevos\alloc.c">
      <Filter>rcheevos</Filter>
    </ClCompile>
    <ClCompile Include="..\rcheevos\src\rcheevos\condition.c">
      <Filter>rcheevos</Filter>
    </ClCompile>
    <ClCompile Include="..\rcheevos\src\rcheevos\condset.c">
      <Filter>rcheevos</Filter>
    </ClCompile>
    <ClCompile Include="..\rcheevos\src\rcheevos\format.c">
      <Filter>rcheevos</Filter>
    </ClCompile>
    <ClCompile Include="..\rcheevos\src\rcheevos\operand.c">
      <Filter>rcheevos</Filter>
    </ClCompile>
    <ClCompile Include="..\rcheevos\src\rcheevos\trigger.c">
      <Filter>rcheevos</Filter>
    </ClCompile>
    <ClCompile Include="..\rcheevos\src\rcheevos\lboard.c">
      <Filter>rcheevos</Filter>
    </ClCompile>
    <ClCompile Include="..\rcheevos\src\rcheevos\richpresence.c">
      <Filter>rcheevos</Filter>
    </ClCompile>
    <ClCompile Include="..\rcheevos\src\rcheevos\memref.c">
      <Filter>rcheevos</Filter>
    </ClCompile>
    <ClCompile Include="..\rcheevos\src\rcheevos\runtime.c">
      <Filter>rcheevos</Filter>
    </ClCompile>
    <ClCompile Include="..\rcheevos\src\rcheevos\consoleinfo.c">
      <Filter>rcheevos</Filter>
    </ClCompile>
    <ClCompile Include="..\rcheevos\src\rcheevos\runtime_progress.c">
      <Filter>rcheevos</Filter>
    </ClCompile>
    <ClInclude Include="..\rcheevos\src\rcheevos\internal.h">
      <Filter>rcheevos</Filter>
    </ClInclude>
    <ClCompile Include="..\rcheevos\src\rapi\rc_api_user.c">
      <Filter>rapi</Filter>
    </ClCompile>
    <ClCompile Include="..\rcheevos\src\rapi\rc_api_common.c">
      <Filter>rapi</Filter>
    </ClCompile>
    <ClCompile Include="..\rcheevos\src\rapi\rc_api_runtime.c">
      <Filter>rapi</Filter>
    </ClCompile>
    <ClCompile Include="..\rcheevos\src\rapi\rc_api_info.c">
      <Filter>rapi</Filter>
    </ClCompile>
    <ClCompile Include="..\rcheevos\src\rhash\hash.c">
      <Filter>rhash</Filter>
    </ClCompile>
    <ClCompile Include="..\rcheevos\src\rhash\md5.c">
      <Filter>rhash</Filter>
    </ClCompile>
    <ClCompile Include="..\rcheevos\src\rcheevos\rc_validate.c">
      <Filter>rcheevos</Filter>
    </ClCompile>
    <ClCompile Include="..\rcheevos\src\rapi\rc_api_editor.c">
      <Filter>rapi</Filter>
    </ClCompile>
    <ClCompile Include="..\rcheevos\src\rc_util.c" />
    <ClCompile Include="..\rcheevos\src\rc_client.c" />
    <ClCompile Include="..\rcheevos\src\rc_compat.c" />
    <ClCompile Include="..\rcheevos\src\rhash\aes.c">
      <Filter>rhash</Filter>
    </ClCompile>
    <ClCompile Include="..\rcheevos\src\rhash\cdreader.c">
      <Filter>rhash</Filter>
    </ClCompile>
    <ClCompile Include="..\rcheevos\src\rhash\hash_encrypted.c">
      <Filter>rhash</Filter>
    </ClCompile>
    <ClCompile Include="..\rcheevos\src\rhash\hash_zip.c">
      <Filter>rhash</Filter>
    </ClCompile>
    <ClCompile Include="..\rcheevos\src\rhash\hash_rom.c">
      <Filter>rhash</Filter>
    </ClCompile>
  </ItemGroup>
  <ItemGroup>
    <Filter Include="rcheevos">
      <UniqueIdentifier>{551d7e10-0699-4da6-9d2d-d992d7b26a3a}</UniqueIdentifier>
    </Filter>
    <Filter Include="rapi">
      <UniqueIdentifier>{d363eb07-b5ba-4ce7-99a4-de23227fd446}</UniqueIdentifier>
    </Filter>
    <Filter Include="rhash">
      <UniqueIdentifier>{0e5a622a-3c8d-46f8-b2cb-78c0b296cbbe}</UniqueIdentifier>
    </Filter>
  </ItemGroup>
  <ItemGroup>
    <ClInclude Include="..\rcheevos\src\rhash\md5.h">
      <Filter>rhash</Filter>
    </ClInclude>
    <ClInclude Include="..\rcheevos\src\rcheevos\rc_internal.h">
      <Filter>rcheevos</Filter>
    </ClInclude>
    <ClInclude Include="..\rcheevos\include\rc_runtime.h">
      <Filter>rcheevos</Filter>
    </ClInclude>
    <ClInclude Include="..\rcheevos\include\rc_runtime_types.h">
      <Filter>rcheevos</Filter>
    </ClInclude>
    <ClInclude Include="..\rcheevos\include\rc_client.h" />
    <ClInclude Include="..\rcheevos\include\rc_client_raintegration.h" />
    <ClInclude Include="..\rcheevos\src\rc_client_external.h" />
  </ItemGroup>
  <ItemGroup>
    <Natvis Include="..\rcheevos\src\rcheevos\rc_runtime_types.natvis">
      <Filter>rcheevos</Filter>
    </Natvis>
    <Natvis Include="..\rcheevos\src\rc_client_types.natvis" />
  </ItemGroup>
</Project>